
Microsoft Visual Studio Solution File, Format Version 12.00
# Visual Studio Version 17
VisualStudioVersion = 17.10.35004.147
MinimumVisualStudioVersion = 10.0.40219.1
Project("{2150E333-8FDC-42A3-9474-1A3956D46DE8}") = "BackEnd", "BackEnd", "{F7B43C3F-488D-4096-9F43-031BB0AB35CF}"
EndProject
Project("{2150E333-8FDC-42A3-9474-1A3956D46DE8}") = "Tests", "Tests", "{7331347E-1280-485F-ABF6-EB4421F7C6F4}"
EndProject
Project("{2150E333-8FDC-42A3-9474-1A3956D46DE8}") = "BackEnd.Tests", "BackEnd.Tests", "{54410684-B86D-47FE-BE41-04632744CEEE}"
EndProject
Project("{2150E333-8FDC-42A3-9474-1A3956D46DE8}") = "FrontEnd.Tests", "FrontEnd.Tests", "{B671A45C-1ADB-4335-A602-21297AFC2C85}"
EndProject
Project("{9A19103F-16F7-4668-BE54-9A1E7A4F7556}") = "API", "API\API.csproj", "{017C2F05-C88A-45BA-96BE-FA91E66C2827}"
EndProject
Project("{9A19103F-16F7-4668-BE54-9A1E7A4F7556}") = "Application", "Application\Application.csproj", "{66948FB3-68CD-4696-944B-B494CB9FBD96}"
EndProject
Project("{9A19103F-16F7-4668-BE54-9A1E7A4F7556}") = "Domain", "Domain\Domain.csproj", "{0E7FE481-37B7-4132-A758-46ABB728546F}"
EndProject
Project("{9A19103F-16F7-4668-BE54-9A1E7A4F7556}") = "Infrastructure", "Infrastructure\Infrastructure.csproj", "{CBCE5050-5F5B-4576-A1AF-94A727B40989}"
EndProject
Project("{2150E333-8FDC-42A3-9474-1A3956D46DE8}") = "FrontEnd", "FrontEnd", "{3D8E6C55-E13C-47A7-B635-72B77B428E8B}"
EndProject
Project("{9A19103F-16F7-4668-BE54-9A1E7A4F7556}") = "MVC", "MVC\MVC.csproj", "{D64598AC-BB28-474B-B3CE-A55A1E5EC3A9}"
EndProject
Project("{9A19103F-16F7-4668-BE54-9A1E7A4F7556}") = "Infrastructure.Tests", "Infrastructure.Tests\Infrastructure.Tests.csproj", "{C8BE499F-83D0-4F92-B92A-EC8F5D8452C0}"
EndProject
Project("{9A19103F-16F7-4668-BE54-9A1E7A4F7556}") = "MVC.Tests", "MVC.Tests\MVC.Tests.csproj", "{F40F07E9-89BC-4E61-A634-524BB18F2C7B}"
EndProject
Project("{9A19103F-16F7-4668-BE54-9A1E7A4F7556}") = "Application.Tests", "Application.Tests\Application.Tests.csproj", "{1034816C-267E-43F9-9533-7B9AFB23575B}"
EndProject
Project("{2150E333-8FDC-42A3-9474-1A3956D46DE8}") = "Shared", "Shared", "{2684EBE6-5B6B-476B-B0B8-BA8DB890ECEA}"
EndProject
Project("{9A19103F-16F7-4668-BE54-9A1E7A4F7556}") = "IronGym.Shared", "IronGym.Shared\IronGym.Shared.csproj", "{054D978A-3F2E-4727-A62E-57587FE1F764}"
EndProject
Project("{2150E333-8FDC-42A3-9474-1A3956D46DE8}") = "Shared.Tests", "Shared.Tests", "{DAE00BBC-1BF1-4217-961F-8BCE5DEFFA1D}"
EndProject
Project("{9A19103F-16F7-4668-BE54-9A1E7A4F7556}") = "ServicesTests", "AESServiceTests\ServicesTests.csproj", "{FA7B7873-1E44-4E29-AEE4-AF88ABF17BCD}"
EndProject
Project("{FAE04EC0-301F-11D3-BF4B-00C04F79EFBC}") = "APITests", "APITests\APITests.csproj", "{AF07EFD2-8D25-4111-8D54-14DB7E3B8681}"
EndProject
Global
	GlobalSection(SolutionConfigurationPlatforms) = preSolution
		Debug|Any CPU = Debug|Any CPU
		Release|Any CPU = Release|Any CPU
	EndGlobalSection
	GlobalSection(ProjectConfigurationPlatforms) = postSolution
		{017C2F05-C88A-45BA-96BE-FA91E66C2827}.Debug|Any CPU.ActiveCfg = Debug|Any CPU
		{017C2F05-C88A-45BA-96BE-FA91E66C2827}.Debug|Any CPU.Build.0 = Debug|Any CPU
		{017C2F05-C88A-45BA-96BE-FA91E66C2827}.Release|Any CPU.ActiveCfg = Release|Any CPU
		{017C2F05-C88A-45BA-96BE-FA91E66C2827}.Release|Any CPU.Build.0 = Release|Any CPU
		{66948FB3-68CD-4696-944B-B494CB9FBD96}.Debug|Any CPU.ActiveCfg = Debug|Any CPU
		{66948FB3-68CD-4696-944B-B494CB9FBD96}.Debug|Any CPU.Build.0 = Debug|Any CPU
		{66948FB3-68CD-4696-944B-B494CB9FBD96}.Release|Any CPU.ActiveCfg = Release|Any CPU
		{66948FB3-68CD-4696-944B-B494CB9FBD96}.Release|Any CPU.Build.0 = Release|Any CPU
		{0E7FE481-37B7-4132-A758-46ABB728546F}.Debug|Any CPU.ActiveCfg = Debug|Any CPU
		{0E7FE481-37B7-4132-A758-46ABB728546F}.Debug|Any CPU.Build.0 = Debug|Any CPU
		{0E7FE481-37B7-4132-A758-46ABB728546F}.Release|Any CPU.ActiveCfg = Release|Any CPU
		{0E7FE481-37B7-4132-A758-46ABB728546F}.Release|Any CPU.Build.0 = Release|Any CPU
		{CBCE5050-5F5B-4576-A1AF-94A727B40989}.Debug|Any CPU.ActiveCfg = Debug|Any CPU
		{CBCE5050-5F5B-4576-A1AF-94A727B40989}.Debug|Any CPU.Build.0 = Debug|Any CPU
		{CBCE5050-5F5B-4576-A1AF-94A727B40989}.Release|Any CPU.ActiveCfg = Release|Any CPU
		{CBCE5050-5F5B-4576-A1AF-94A727B40989}.Release|Any CPU.Build.0 = Release|Any CPU
		{D64598AC-BB28-474B-B3CE-A55A1E5EC3A9}.Debug|Any CPU.ActiveCfg = Debug|Any CPU
		{D64598AC-BB28-474B-B3CE-A55A1E5EC3A9}.Debug|Any CPU.Build.0 = Debug|Any CPU
		{D64598AC-BB28-474B-B3CE-A55A1E5EC3A9}.Release|Any CPU.ActiveCfg = Release|Any CPU
		{D64598AC-BB28-474B-B3CE-A55A1E5EC3A9}.Release|Any CPU.Build.0 = Release|Any CPU
		{C8BE499F-83D0-4F92-B92A-EC8F5D8452C0}.Debug|Any CPU.ActiveCfg = Debug|Any CPU
		{C8BE499F-83D0-4F92-B92A-EC8F5D8452C0}.Debug|Any CPU.Build.0 = Debug|Any CPU
		{C8BE499F-83D0-4F92-B92A-EC8F5D8452C0}.Release|Any CPU.ActiveCfg = Release|Any CPU
		{C8BE499F-83D0-4F92-B92A-EC8F5D8452C0}.Release|Any CPU.Build.0 = Release|Any CPU
		{F40F07E9-89BC-4E61-A634-524BB18F2C7B}.Debug|Any CPU.ActiveCfg = Debug|Any CPU
		{F40F07E9-89BC-4E61-A634-524BB18F2C7B}.Debug|Any CPU.Build.0 = Debug|Any CPU
		{F40F07E9-89BC-4E61-A634-524BB18F2C7B}.Release|Any CPU.ActiveCfg = Release|Any CPU
		{F40F07E9-89BC-4E61-A634-524BB18F2C7B}.Release|Any CPU.Build.0 = Release|Any CPU
		{1034816C-267E-43F9-9533-7B9AFB23575B}.Debug|Any CPU.ActiveCfg = Debug|Any CPU
		{1034816C-267E-43F9-9533-7B9AFB23575B}.Debug|Any CPU.Build.0 = Debug|Any CPU
		{1034816C-267E-43F9-9533-7B9AFB23575B}.Release|Any CPU.ActiveCfg = Release|Any CPU
		{1034816C-267E-43F9-9533-7B9AFB23575B}.Release|Any CPU.Build.0 = Release|Any CPU
		{054D978A-3F2E-4727-A62E-57587FE1F764}.Debug|Any CPU.ActiveCfg = Debug|Any CPU
		{054D978A-3F2E-4727-A62E-57587FE1F764}.Debug|Any CPU.Build.0 = Debug|Any CPU
		{054D978A-3F2E-4727-A62E-57587FE1F764}.Release|Any CPU.ActiveCfg = Release|Any CPU
		{054D978A-3F2E-4727-A62E-57587FE1F764}.Release|Any CPU.Build.0 = Release|Any CPU
		{FA7B7873-1E44-4E29-AEE4-AF88ABF17BCD}.Debug|Any CPU.ActiveCfg = Debug|Any CPU
		{FA7B7873-1E44-4E29-AEE4-AF88ABF17BCD}.Debug|Any CPU.Build.0 = Debug|Any CPU
		{FA7B7873-1E44-4E29-AEE4-AF88ABF17BCD}.Release|Any CPU.ActiveCfg = Release|Any CPU
		{FA7B7873-1E44-4E29-AEE4-AF88ABF17BCD}.Release|Any CPU.Build.0 = Release|Any CPU
		{AF07EFD2-8D25-4111-8D54-14DB7E3B8681}.Debug|Any CPU.ActiveCfg = Debug|Any CPU
		{AF07EFD2-8D25-4111-8D54-14DB7E3B8681}.Debug|Any CPU.Build.0 = Debug|Any CPU
		{AF07EFD2-8D25-4111-8D54-14DB7E3B8681}.Release|Any CPU.ActiveCfg = Release|Any CPU
		{AF07EFD2-8D25-4111-8D54-14DB7E3B8681}.Release|Any CPU.Build.0 = Release|Any CPU
	EndGlobalSection
	GlobalSection(SolutionProperties) = preSolution
		HideSolutionNode = FALSE
	EndGlobalSection
	GlobalSection(NestedProjects) = preSolution
		{54410684-B86D-47FE-BE41-04632744CEEE} = {7331347E-1280-485F-ABF6-EB4421F7C6F4}
		{B671A45C-1ADB-4335-A602-21297AFC2C85} = {7331347E-1280-485F-ABF6-EB4421F7C6F4}
		{017C2F05-C88A-45BA-96BE-FA91E66C2827} = {F7B43C3F-488D-4096-9F43-031BB0AB35CF}
		{66948FB3-68CD-4696-944B-B494CB9FBD96} = {F7B43C3F-488D-4096-9F43-031BB0AB35CF}
		{0E7FE481-37B7-4132-A758-46ABB728546F} = {F7B43C3F-488D-4096-9F43-031BB0AB35CF}
		{CBCE5050-5F5B-4576-A1AF-94A727B40989} = {F7B43C3F-488D-4096-9F43-031BB0AB35CF}
		{D64598AC-BB28-474B-B3CE-A55A1E5EC3A9} = {3D8E6C55-E13C-47A7-B635-72B77B428E8B}
		{C8BE499F-83D0-4F92-B92A-EC8F5D8452C0} = {54410684-B86D-47FE-BE41-04632744CEEE}
		{F40F07E9-89BC-4E61-A634-524BB18F2C7B} = {B671A45C-1ADB-4335-A602-21297AFC2C85}
		{1034816C-267E-43F9-9533-7B9AFB23575B} = {54410684-B86D-47FE-BE41-04632744CEEE}
		{054D978A-3F2E-4727-A62E-57587FE1F764} = {2684EBE6-5B6B-476B-B0B8-BA8DB890ECEA}
		{DAE00BBC-1BF1-4217-961F-8BCE5DEFFA1D} = {7331347E-1280-485F-ABF6-EB4421F7C6F4}
		{FA7B7873-1E44-4E29-AEE4-AF88ABF17BCD} = {DAE00BBC-1BF1-4217-961F-8BCE5DEFFA1D}
		{AF07EFD2-8D25-4111-8D54-14DB7E3B8681} = {54410684-B86D-47FE-BE41-04632744CEEE}
	EndGlobalSection
	GlobalSection(ExtensibilityGlobals) = postSolution
		SolutionGuid = {AE38A773-A50A-4522-8395-C526EEDFE1DE}
	EndGlobalSection
EndGlobal
